
Microsoft Visual Studio Solution File, Format Version 12.00
# Visual Studio Version 17
VisualStudioVersion = 17.3.32922.545
MinimumVisualStudioVersion = 10.0.40219.1
Project("{FAE04EC0-301F-11D3-BF4B-00C04F79EFBC}") = "Zoldseges_app", "Zoldseges_app.csproj", "{BBC08780-FA1A-41B5-BC11-CEF67B91ECD9}"
EndProject
Global
	GlobalSection(SolutionConfigurationPlatforms) = preSolution
		Debug|Any CPU = Debug|Any CPU
		Release|Any CPU = Release|Any CPU
	EndGlobalSection
	GlobalSection(ProjectConfigurationPlatforms) = postSolution
		{BBC08780-FA1A-41B5-BC11-CEF67B91ECD9}.Debug|Any CPU.ActiveCfg = Debug|Any CPU
		{BBC08780-FA1A-41B5-BC11-CEF67B91ECD9}.Debug|Any CPU.Build.0 = Debug|Any CPU
		{BBC08780-FA1A-41B5-BC11-CEF67B91ECD9}.Release|Any CPU.ActiveCfg = Release|Any CPU
		{BBC08780-FA1A-41B5-BC11-CEF67B91ECD9}.Release|Any CPU.Build.0 = Release|Any CPU
	EndGlobalSection
	GlobalSection(SolutionProperties) = preSolution
		HideSolutionNode = FALSE
	EndGlobalSection
	GlobalSection(ExtensibilityGlobals) = postSolution
		SolutionGuid = {1D4A1CB6-2D1D-4B95-8627-494B0094D9C6}
	EndGlobalSection
EndGlobal
